
Microsoft Visual Studio Solution File, Format Version 12.00
# Visual Studio Version 16
VisualStudioVersion = 16.0.30907.101
MinimumVisualStudioVersion = 10.0.40219.1
Project("{FAE04EC0-301F-11D3-BF4B-00C04F79EFBC}") = "FileIOwithArray", "FileIOwithArray\FileIOwithArray.csproj", "{55692EBC-F828-46E2-A344-3EE4A628502D}"
EndProject
Global
	GlobalSection(SolutionConfigurationPlatforms) = preSolution
		Debug|Any CPU = Debug|Any CPU
		Release|Any CPU = Release|Any CPU
	EndGlobalSection
	GlobalSection(ProjectConfigurationPlatforms) = postSolution
		{55692EBC-F828-46E2-A344-3EE4A628502D}.Debug|Any CPU.ActiveCfg = Debug|Any CPU
		{55692EBC-F828-46E2-A344-3EE4A628502D}.Debug|Any CPU.Build.0 = Debug|Any CPU
		{55692EBC-F828-46E2-A344-3EE4A628502D}.Release|Any CPU.ActiveCfg = Release|Any CPU
		{55692EBC-F828-46E2-A344-3EE4A628502D}.Release|Any CPU.Build.0 = Release|Any CPU
	EndGlobalSection
	GlobalSection(SolutionProperties) = preSolution
		HideSolutionNode = FALSE
	EndGlobalSection
	GlobalSection(ExtensibilityGlobals) = postSolution
		SolutionGuid = {1D365526-AAD5-4F71-83FA-C5D20348B3A8}
	EndGlobalSection
EndGlobal
