
Microsoft Visual Studio Solution File, Format Version 12.00
# Visual Studio Version 16
VisualStudioVersion = 16.0.30907.101
MinimumVisualStudioVersion = 10.0.40219.1
Project("{FAE04EC0-301F-11D3-BF4B-00C04F79EFBC}") = "MethodProblems", "MethodProblems\MethodProblems.csproj", "{1E8B341B-3BEE-478F-A4B9-61F22C8B98F5}"
EndProject
Global
	GlobalSection(SolutionConfigurationPlatforms) = preSolution
		Debug|Any CPU = Debug|Any CPU
		Release|Any CPU = Release|Any CPU
	EndGlobalSection
	GlobalSection(ProjectConfigurationPlatforms) = postSolution
		{1E8B341B-3BEE-478F-A4B9-61F22C8B98F5}.Debug|Any CPU.ActiveCfg = Debug|Any CPU
		{1E8B341B-3BEE-478F-A4B9-61F22C8B98F5}.Debug|Any CPU.Build.0 = Debug|Any CPU
		{1E8B341B-3BEE-478F-A4B9-61F22C8B98F5}.Release|Any CPU.ActiveCfg = Release|Any CPU
		{1E8B341B-3BEE-478F-A4B9-61F22C8B98F5}.Release|Any CPU.Build.0 = Release|Any CPU
	EndGlobalSection
	GlobalSection(SolutionProperties) = preSolution
		HideSolutionNode = FALSE
	EndGlobalSection
	GlobalSection(ExtensibilityGlobals) = postSolution
		SolutionGuid = {DD317C33-D0E5-47E1-BA57-E10D900F2C4E}
	EndGlobalSection
EndGlobal
